<Solution>
  <Folder Name="/src/">
    <Project Path="src/Api/Api.csproj" />
    <Project Path="src/Shared/Shared.csproj" />
    <Project Path="src/SharedKernel/SharedKernel.csproj" />
  </Folder>
  <Folder Name="/src/Modules/" />
  <Folder Name="/src/Modules/Catalog/" />
  <Folder Name="/src/Modules/Contents/">
    <Project Path="src/Modules/Contents/Application/Application.csproj" />
    <Project Path="src/Modules/Contents/Contracts/Contracts.csproj" />
    <Project Path="src/Modules/Contents/Domain/Domain.csproj" />
    <Project Path="src/Modules/Contents/Infrastructure/Infrastructure.csproj" />
  </Folder>
  <Folder Name="/src/Modules/Identity/">
    <Project Path="src/Modules/Identity/Application/Application.csproj" />
    <Project Path="src/Modules/Identity/Contracts/Contracts.csproj" />
    <Project Path="src/Modules/Identity/Domain/Domain.csproj" />
    <Project Path="src/Modules/Identity/Infrastructure/Infrastructure.csproj" />
  </Folder>
</Solution>
